// !$*UTF8*$!
{
	archiveVersion = 1;
	classes = {
	};
	objectVersion = 77;
	objects = {

/* Begin PBXBuildFile section */
		281E43392D9DB0C800FCCECB /* FirebaseAuth in Frameworks */ = {isa = PBXBuildFile; productRef = 281E43382D9DB0C800FCCECB /* FirebaseAuth */; };
		28E071612D9C8484002F99B5 /* FirebaseAnalytics in Frameworks */ = {isa = PBXBuildFile; productRef = 28E071602D9C8484002F99B5 /* FirebaseAnalytics */; };
		28E071632D9C8484002F99B5 /* FirebaseCore in Frameworks */ = {isa = PBXBuildFile; productRef = 28E071622D9C8484002F99B5 /* FirebaseCore */; };
		28E071652D9C8484002F99B5 /* FirebaseFirestore in Frameworks */ = {isa = PBXBuildFile; productRef = 28E071642D9C8484002F99B5 /* FirebaseFirestore */; };
		28E071672D9C8484002F99B5 /* FirebaseMessaging in Frameworks */ = {isa = PBXBuildFile; productRef = 28E071662D9C8484002F99B5 /* FirebaseMessaging */; };
		28E071692D9C8484002F99B5 /* FirebaseStorage in Frameworks */ = {isa = PBXBuildFile; productRef = 28E071682D9C8484002F99B5 /* FirebaseStorage */; };
		28E071992D9CA75C002F99B5 /* CachedAsyncImage in Frameworks */ = {isa = PBXBuildFile; productRef = 28E071982D9CA75C002F99B5 /* CachedAsyncImage */; };
/* End PBXBuildFile section */

/* Begin PBXContainerItemProxy section */
		28E071412D9C81C8002F99B5 /* PBXContainerItemProxy */ = {
			isa = PBXContainerItemProxy;
			containerPortal = 28E0712B2D9C81C7002F99B5 /* Project object */;
			proxyType = 1;
			remoteGlobalIDString = 28E071322D9C81C7002F99B5;
			remoteInfo = "Social Shopper";
		};
		28E0714B2D9C81C8002F99B5 /* PBXContainerItemProxy */ = {
			isa = PBXContainerItemProxy;
			containerPortal = 28E0712B2D9C81C7002F99B5 /* Project object */;
			proxyType = 1;
			remoteGlobalIDString = 28E071322D9C81C7002F99B5;
			remoteInfo = "Social Shopper";
		};
/* End PBXContainerItemProxy section */

/* Begin PBXFileReference section */
		28E071332D9C81C7002F99B5 /* Social Shopper.app */ = {isa = PBXFileReference; explicitFileType = wrapper.application; includeInIndex = 0; path = "Social Shopper.app"; sourceTree = BUILT_PRODUCTS_DIR; };
		28E071402D9C81C8002F99B5 /* Social ShopperTests.xctest */ = {isa = PBXFileReference; explicitFileType = wrapper.cfbundle; includeInIndex = 0; path = "Social ShopperTests.xctest"; sourceTree = BUILT_PRODUCTS_DIR; };
		28E0714A2D9C81C8002F99B5 /* Social ShopperUITests.xctest */ = {isa = PBXFileReference; explicitFileType = wrapper.cfbundle; includeInIndex = 0; path = "Social ShopperUITests.xctest"; sourceTree = BUILT_PRODUCTS_DIR; };
/* End PBXFileReference section */

/* Begin PBXFileSystemSynchronizedRootGroup section */
		28E071352D9C81C7002F99B5 /* Social Shopper */ = {
			isa = PBXFileSystemSynchronizedRootGroup;
			path = "Social Shopper";
			sourceTree = "<group>";
		};
		28E071432D9C81C8002F99B5 /* Social ShopperTests */ = {
			isa = PBXFileSystemSynchronizedRootGroup;
			path = "Social ShopperTests";
			sourceTree = "<group>";
		};
		28E0714D2D9C81C8002F99B5 /* Social ShopperUITests */ = {
			isa = PBXFileSystemSynchronizedRootGroup;
			path = "Social ShopperUITests";
			sourceTree = "<group>";
		};
/* End PBXFileSystemSynchronizedRootGroup section */

/* Begin PBXFrameworksBuildPhase section */
		28E071302D9C81C7002F99B5 /* Frameworks */ = {
			isa = PBXFrameworksBuildPhase;
			buildActionMask = 2147483647;
			files = (
				28E071672D9C8484002F99B5 /* FirebaseMessaging in Frameworks */,
				28E071632D9C8484002F99B5 /* FirebaseCore in Frameworks */,
				28E071612D9C8484002F99B5 /* FirebaseAnalytics in Frameworks */,
				28E071992D9CA75C002F99B5 /* CachedAsyncImage in Frameworks */,
				28E071692D9C8484002F99B5 /* FirebaseStorage in Frameworks */,
				281E43392D9DB0C800FCCECB /* FirebaseAuth in Frameworks */,
				28E071652D9C8484002F99B5 /* FirebaseFirestore in Frameworks */,
			);
			runOnlyForDeploymentPostprocessing = 0;
		};
		28E0713D2D9C81C8002F99B5 /* Frameworks */ = {
			isa = PBXFrameworksBuildPhase;
			buildActionMask = 2147483647;
			files = (
			);
			runOnlyForDeploymentPostprocessing = 0;
		};
		28E071472D9C81C8002F99B5 /* Frameworks */ = {
			isa = PBXFrameworksBuildPhase;
			buildActionMask = 2147483647;
			files = (
			);
			runOnlyForDeploymentPostprocessing = 0;
		};
/* End PBXFrameworksBuildPhase section */

/* Begin PBXGroup section */
		28E0712A2D9C81C7002F99B5 = {
			isa = PBXGroup;
			children = (
				28E071352D9C81C7002F99B5 /* Social Shopper */,
				28E071432D9C81C8002F99B5 /* Social ShopperTests */,
				28E0714D2D9C81C8002F99B5 /* Social ShopperUITests */,
				28E071342D9C81C7002F99B5 /* Products */,
			);
			sourceTree = "<group>";
		};
		28E071342D9C81C7002F99B5 /* Products */ = {
			isa = PBXGroup;
			children = (
				28E071332D9C81C7002F99B5 /* Social Shopper.app */,
				28E071402D9C81C8002F99B5 /* Social ShopperTests.xctest */,
				28E0714A2D9C81C8002F99B5 /* Social ShopperUITests.xctest */,
			);
			name = Products;
			sourceTree = "<group>";
		};
/* End PBXGroup section */

/* Begin PBXNativeTarget section */
		28E071322D9C81C7002F99B5 /* Social Shopper */ = {
			isa = PBXNativeTarget;
			buildConfigurationList = 28E071542D9C81C8002F99B5 /* Build configuration list for PBXNativeTarget "Social Shopper" */;
			buildPhases = (
				28E0712F2D9C81C7002F99B5 /* Sources */,
				28E071302D9C81C7002F99B5 /* Frameworks */,
				28E071312D9C81C7002F99B5 /* Resources */,
			);
			buildRules = (
			);
			dependencies = (
			);
			fileSystemSynchronizedGroups = (
				28E071352D9C81C7002F99B5 /* Social Shopper */,
			);
			name = "Social Shopper";
			packageProductDependencies = (
				28E071602D9C8484002F99B5 /* FirebaseAnalytics */,
				28E071622D9C8484002F99B5 /* FirebaseCore */,
				28E071642D9C8484002F99B5 /* FirebaseFirestore */,
				28E071662D9C8484002F99B5 /* FirebaseMessaging */,
				28E071682D9C8484002F99B5 /* FirebaseStorage */,
				28E071982D9CA75C002F99B5 /* CachedAsyncImage */,
				281E43382D9DB0C800FCCECB /* FirebaseAuth */,
			);
			productName = "Social Shopper";
			productReference = 28E071332D9C81C7002F99B5 /* Social Shopper.app */;
			productType = "com.apple.product-type.application";
		};
		28E0713F2D9C81C8002F99B5 /* Social ShopperTests */ = {
			isa = PBXNativeTarget;
			buildConfigurationList = 28E071572D9C81C8002F99B5 /* Build configuration list for PBXNativeTarget "Social ShopperTests" */;
			buildPhases = (
				28E0713C2D9C81C8002F99B5 /* Sources */,
				28E0713D2D9C81C8002F99B5 /* Frameworks */,
				28E0713E2D9C81C8002F99B5 /* Resources */,
			);
			buildRules = (
			);
			dependencies = (
				28E071422D9C81C8002F99B5 /* PBXTargetDependency */,
			);
			fileSystemSynchronizedGroups = (
				28E071432D9C81C8002F99B5 /* Social ShopperTests */,
			);
			name = "Social ShopperTests";
			packageProductDependencies = (
			);
			productName = "Social ShopperTests";
			productReference = 28E071402D9C81C8002F99B5 /* Social ShopperTests.xctest */;
			productType = "com.apple.product-type.bundle.unit-test";
		};
		28E071492D9C81C8002F99B5 /* Social ShopperUITests */ = {
			isa = PBXNativeTarget;
			buildConfigurationList = 28E0715A2D9C81C8002F99B5 /* Build configuration list for PBXNativeTarget "Social ShopperUITests" */;
			buildPhases = (
				28E071462D9C81C8002F99B5 /* Sources */,
				28E071472D9C81C8002F99B5 /* Frameworks */,
				28E071482D9C81C8002F99B5 /* Resources */,
			);
			buildRules = (
			);
			dependencies = (
				28E0714C2D9C81C8002F99B5 /* PBXTargetDependency */,
			);
			fileSystemSynchronizedGroups = (
				28E0714D2D9C81C8002F99B5 /* Social ShopperUITests */,
			);
			name = "Social ShopperUITests";
			packageProductDependencies = (
			);
			productName = "Social ShopperUITests";
			productReference = 28E0714A2D9C81C8002F99B5 /* Social ShopperUITests.xctest */;
			productType = "com.apple.product-type.bundle.ui-testing";
		};
/* End PBXNativeTarget section */

/* Begin PBXProject section */
		28E0712B2D9C81C7002F99B5 /* Project object */ = {
			isa = PBXProject;
			attributes = {
				BuildIndependentTargetsInParallel = 1;
				LastSwiftUpdateCheck = 1630;
				LastUpgradeCheck = 1630;
				TargetAttributes = {
					28E071322D9C81C7002F99B5 = {
						CreatedOnToolsVersion = 16.3;
					};
					28E0713F2D9C81C8002F99B5 = {
						CreatedOnToolsVersion = 16.3;
						TestTargetID = 28E071322D9C81C7002F99B5;
					};
					28E071492D9C81C8002F99B5 = {
						CreatedOnToolsVersion = 16.3;
						TestTargetID = 28E071322D9C81C7002F99B5;
					};
				};
			};
			buildConfigurationList = 28E0712E2D9C81C7002F99B5 /* Build configuration list for PBXProject "Social Shopper" */;
			developmentRegion = en;
			hasScannedForEncodings = 0;
			knownRegions = (
				en,
				Base,
			);
			mainGroup = 28E0712A2D9C81C7002F99B5;
			minimizedProjectReferenceProxies = 1;
			packageReferences = (
				28E0715F2D9C8484002F99B5 /* XCRemoteSwiftPackageReference "firebase-ios-sdk" */,
				28E071972D9CA75C002F99B5 /* XCRemoteSwiftPackageReference "swiftui-cached-async-image" */,
			);
			preferredProjectObjectVersion = 77;
			productRefGroup = 28E071342D9C81C7002F99B5 /* Products */;
			projectDirPath = "";
			projectRoot = "";
			targets = (
				28E071322D9C81C7002F99B5 /* Social Shopper */,
				28E0713F2D9C81C8002F99B5 /* Social ShopperTests */,
				28E071492D9C81C8002F99B5 /* Social ShopperUITests */,
			);
		};
/* End PBXProject section */

/* Begin PBXResourcesBuildPhase section */
		28E071312D9C81C7002F99B5 /* Resources */ = {
			isa = PBXResourcesBuildPhase;
			buildActionMask = 2147483647;
			files = (
			);
			runOnlyForDeploymentPostprocessing = 0;
		};
		28E0713E2D9C81C8002F99B5 /* Resources */ = {
			isa = PBXResourcesBuildPhase;
			buildActionMask = 2147483647;
			files = (
			);
			runOnlyForDeploymentPostprocessing = 0;
		};
		28E071482D9C81C8002F99B5 /* Resources */ = {
			isa = PBXResourcesBuildPhase;
			buildActionMask = 2147483647;
			files = (
			);
			runOnlyForDeploymentPostprocessing = 0;
		};
/* End PBXResourcesBuildPhase section */

/* Begin PBXSourcesBuildPhase section */
		28E0712F2D9C81C7002F99B5 /* Sources */ = {
			isa = PBXSourcesBuildPhase;
			buildActionMask = 2147483647;
			files = (
			);
			runOnlyForDeploymentPostprocessing = 0;
		};
		28E0713C2D9C81C8002F99B5 /* Sources */ = {
			isa = PBXSourcesBuildPhase;
			buildActionMask = 2147483647;
			files = (
			);
			runOnlyForDeploymentPostprocessing = 0;
		};
		28E071462D9C81C8002F99B5 /* Sources */ = {
			isa = PBXSourcesBuildPhase;
			buildActionMask = 2147483647;
			files = (
			);
			runOnlyForDeploymentPostprocessing = 0;
		};
/* End PBXSourcesBuildPhase section */

/* Begin PBXTargetDependency section */
		28E071422D9C81C8002F99B5 /* PBXTargetDependency */ = {
			isa = PBXTargetDependency;
			target = 28E071322D9C81C7002F99B5 /* Social Shopper */;
			targetProxy = 28E071412D9C81C8002F99B5 /* PBXContainerItemProxy */;
		};
		28E0714C2D9C81C8002F99B5 /* PBXTargetDependency */ = {
			isa = PBXTargetDependency;
			target = 28E071322D9C81C7002F99B5 /* Social Shopper */;
			targetProxy = 28E0714B2D9C81C8002F99B5 /* PBXContainerItemProxy */;
		};
/* End PBXTargetDependency section */

/* Begin XCBuildConfiguration section */
		28E071522D9C81C8002F99B5 /* Debug */ = {
			isa = XCBuildConfiguration;
			buildSettings = {
				ALWAYS_SEARCH_USER_PATHS = NO;
				ASSETCATALOG_COMPILER_GENERATE_SWIFT_ASSET_SYMBOL_EXTENSIONS = YES;
				CLANG_ANALYZER_NONNULL = YES;
				CLANG_ANALYZER_NUMBER_OBJECT_CONVERSION = YES_AGGRESSIVE;
				CLANG_CXX_LANGUAGE_STANDARD = "gnu++20";
				CLANG_ENABLE_MODULES = YES;
				CLANG_ENABLE_OBJC_ARC = YES;
				CLANG_ENABLE_OBJC_WEAK = YES;
				CLANG_WARN_BLOCK_CAPTURE_AUTORELEASING = YES;
				CLANG_WARN_BOOL_CONVERSION = YES;
				CLANG_WARN_COMMA = YES;
				CLANG_WARN_CONSTANT_CONVERSION = YES;
				CLANG_WARN_DEPRECATED_OBJC_IMPLEMENTATIONS = YES;
				CLANG_WARN_DIRECT_OBJC_ISA_USAGE = YES_ERROR;
				CLANG_WARN_DOCUMENTATION_COMMENTS = YES;
				CLANG_WARN_EMPTY_BODY = YES;
				CLANG_WARN_ENUM_CONVERSION = YES;
				CLANG_WARN_INFINITE_RECURSION = YES;
				CLANG_WARN_INT_CONVERSION = YES;
				CLANG_WARN_NON_LITERAL_NULL_CONVERSION = YES;
				CLANG_WARN_OBJC_IMPLICIT_RETAIN_SELF = YES;
				CLANG_WARN_OBJC_LITERAL_CONVERSION = YES;
				CLANG_WARN_OBJC_ROOT_CLASS = YES_ERROR;
				CLANG_WARN_QUOTED_INCLUDE_IN_FRAMEWORK_HEADER = YES;
				CLANG_WARN_RANGE_LOOP_ANALYSIS = YES;
				CLANG_WARN_STRICT_PROTOTYPES = YES;
				CLANG_WARN_SUSPICIOUS_MOVE = YES;
				CLANG_WARN_UNGUARDED_AVAILABILITY = YES_AGGRESSIVE;
				CLANG_WARN_UNREACHABLE_CODE = YES;
				CLANG_WARN__DUPLICATE_METHOD_MATCH = YES;
				COPY_PHASE_STRIP = NO;
				DEBUG_INFORMATION_FORMAT = dwarf;
				ENABLE_STRICT_OBJC_MSGSEND = YES;
				ENABLE_TESTABILITY = YES;
				ENABLE_USER_SCRIPT_SANDBOXING = YES;
				GCC_C_LANGUAGE_STANDARD = gnu17;
				GCC_DYNAMIC_NO_PIC = NO;
				GCC_NO_COMMON_BLOCKS = YES;
				GCC_OPTIMIZATION_LEVEL = 0;
				GCC_PREPROCESSOR_DEFINITIONS = (
					"DEBUG=1",
					"$(inherited)",
				);
				GCC_WARN_64_TO_32_BIT_CONVERSION = YES;
				GCC_WARN_ABOUT_RETURN_TYPE = YES_ERROR;
				GCC_WARN_UNDECLARED_SELECTOR = YES;
				GCC_WARN_UNINITIALIZED_AUTOS = YES_AGGRESSIVE;
				GCC_WARN_UNUSED_FUNCTION = YES;
				GCC_WARN_UNUSED_VARIABLE = YES;
				IPHONEOS_DEPLOYMENT_TARGET = 18.4;
				LOCALIZATION_PREFERS_STRING_CATALOGS = YES;
				MTL_ENABLE_DEBUG_INFO = INCLUDE_SOURCE;
				MTL_FAST_MATH = YES;
				ONLY_ACTIVE_ARCH = YES;
				SDKROOT = iphoneos;
				SWIFT_ACTIVE_COMPILATION_CONDITIONS = "DEBUG $(inherited)";
				SWIFT_OPTIMIZATION_LEVEL = "-Onone";
			};
			name = Debug;
		};
		28E071532D9C81C8002F99B5 /* Release */ = {
			isa = XCBuildConfiguration;
			buildSettings = {
				ALWAYS_SEARCH_USER_PATHS = NO;
				ASSETCATALOG_COMPILER_GENERATE_SWIFT_ASSET_SYMBOL_EXTENSIONS = YES;
				CLANG_ANALYZER_NONNULL = YES;
				CLANG_ANALYZER_NUMBER_OBJECT_CONVERSION = YES_AGGRESSIVE;
				CLANG_CXX_LANGUAGE_STANDARD = "gnu++20";
				CLANG_ENABLE_MODULES = YES;
				CLANG_ENABLE_OBJC_ARC = YES;
				CLANG_ENABLE_OBJC_WEAK = YES;
				CLANG_WARN_BLOCK_CAPTURE_AUTORELEASING = YES;
				CLANG_WARN_BOOL_CONVERSION = YES;
				CLANG_WARN_COMMA = YES;
				CLANG_WARN_CONSTANT_CONVERSION = YES;
				CLANG_WARN_DEPRECATED_OBJC_IMPLEMENTATIONS = YES;
				CLANG_WARN_DIRECT_OBJC_ISA_USAGE = YES_ERROR;
				CLANG_WARN_DOCUMENTATION_COMMENTS = YES;
				CLANG_WARN_EMPTY_BODY = YES;
				CLANG_WARN_ENUM_CONVERSION = YES;
				CLANG_WARN_INFINITE_RECURSION = YES;
				CLANG_WARN_INT_CONVERSION = YES;
				CLANG_WARN_NON_LITERAL_NULL_CONVERSION = YES;
				CLANG_WARN_OBJC_IMPLICIT_RETAIN_SELF = YES;
				CLANG_WARN_OBJC_LITERAL_CONVERSION = YES;
				CLANG_WARN_OBJC_ROOT_CLASS = YES_ERROR;
				CLANG_WARN_QUOTED_INCLUDE_IN_FRAMEWORK_HEADER = YES;
				CLANG_WARN_RANGE_LOOP_ANALYSIS = YES;
				CLANG_WARN_STRICT_PROTOTYPES = YES;
				CLANG_WARN_SUSPICIOUS_MOVE = YES;
				CLANG_WARN_UNGUARDED_AVAILABILITY = YES_AGGRESSIVE;
				CLANG_WARN_UNREACHABLE_CODE = YES;
				CLANG_WARN__DUPLICATE_METHOD_MATCH = YES;
				COPY_PHASE_STRIP = NO;
				DEBUG_INFORMATION_FORMAT = "dwarf-with-dsym";
				ENABLE_NS_ASSERTIONS = NO;
				ENABLE_STRICT_OBJC_MSGSEND = YES;
				ENABLE_USER_SCRIPT_SANDBOXING = YES;
				GCC_C_LANGUAGE_STANDARD = gnu17;
				GCC_NO_COMMON_BLOCKS = YES;
				GCC_WARN_64_TO_32_BIT_CONVERSION = YES;
				GCC_WARN_ABOUT_RETURN_TYPE = YES_ERROR;
				GCC_WARN_UNDECLARED_SELECTOR = YES;
				GCC_WARN_UNINITIALIZED_AUTOS = YES_AGGRESSIVE;
				GCC_WARN_UNUSED_FUNCTION = YES;
				GCC_WARN_UNUSED_VARIABLE = YES;
				IPHONEOS_DEPLOYMENT_TARGET = 18.4;
				LOCALIZATION_PREFERS_STRING_CATALOGS = YES;
				MTL_ENABLE_DEBUG_INFO = NO;
				MTL_FAST_MATH = YES;
				SDKROOT = iphoneos;
				SWIFT_COMPILATION_MODE = wholemodule;
				VALIDATE_PRODUCT = YES;
			};
			name = Release;
		};
		28E071552D9C81C8002F99B5 /* Debug */ = {
			isa = XCBuildConfiguration;
			buildSettings = {
				ASSETCATALOG_COMPILER_APPICON_NAME = AppIcon;
				ASSETCATALOG_COMPILER_GLOBAL_ACCENT_COLOR_NAME = AccentColor;
				CODE_SIGN_ENTITLEMENTS = "Social Shopper/Social Shopper.entitlements";
				CODE_SIGN_STYLE = Automatic;
				CURRENT_PROJECT_VERSION = 1;
				DEVELOPMENT_TEAM = "";
				ENABLE_PREVIEWS = YES;
				GENERATE_INFOPLIST_FILE = YES;
				INFOPLIST_KEY_UIApplicationSceneManifest_Generation = YES;
				INFOPLIST_KEY_UIApplicationSupportsIndirectInputEvents = YES;
				INFOPLIST_KEY_UILaunchScreen_Generation = YES;
				INFOPLIST_KEY_UISupportedInterfaceOrientations_iPad = "UIInterfaceOrientationPortrait UIInterfaceOrientationPortraitUpsideDown UIInterfaceOrientationLandscapeLeft UIInterfaceOrientationLandscapeRight";
				INFOPLIST_KEY_UISupportedInterfaceOrientations_iPhone = "UIInterfaceOrientationPortrait UIInterfaceOrientationLandscapeLeft UIInterfaceOrientationLandscapeRight";
				LD_RUNPATH_SEARCH_PATHS = (
					"$(inherited)",
					"@executable_path/Frameworks",
				);
				MARKETING_VERSION = 1.0;
				PRODUCT_BUNDLE_IDENTIFIER = "com.lee.min.Social-Shopper";
				PRODUCT_NAME = "$(TARGET_NAME)";
				SWIFT_EMIT_LOC_STRINGS = YES;
				SWIFT_VERSION = 5.0;
				TARGETED_DEVICE_FAMILY = "1,2";
			};
			name = Debug;
		};
		28E071562D9C81C8002F99B5 /* Release */ = {
			isa = XCBuildConfiguration;
			buildSettings = {
				ASSETCATALOG_COMPILER_APPICON_NAME = AppIcon;
				ASSETCATALOG_COMPILER_GLOBAL_ACCENT_COLOR_NAME = AccentColor;
				CODE_SIGN_ENTITLEMENTS = "Social Shopper/Social Shopper.entitlements";
				CODE_SIGN_STYLE = Automatic;
				CURRENT_PROJECT_VERSION = 1;
				DEVELOPMENT_TEAM = "";
				ENABLE_PREVIEWS = YES;
				GENERATE_INFOPLIST_FILE = YES;
				INFOPLIST_KEY_UIApplicationSceneManifest_Generation = YES;
				INFOPLIST_KEY_UIApplicationSupportsIndirectInputEvents = YES;
				INFOPLIST_KEY_UILaunchScreen_Generation = YES;
				INFOPLIST_KEY_UISupportedInterfaceOrientations_iPad = "UIInterfaceOrientationPortrait UIInterfaceOrientationPortraitUpsideDown UIInterfaceOrientationLandscapeLeft UIInterfaceOrientationLandscapeRight";
				INFOPLIST_KEY_UISupportedInterfaceOrientations_iPhone = "UIInterfaceOrientationPortrait UIInterfaceOrientationLandscapeLeft UIInterfaceOrientationLandscapeRight";
				LD_RUNPATH_SEARCH_PATHS = (
					"$(inherited)",
					"@executable_path/Frameworks",
				);
				MARKETING_VERSION = 1.0;
				PRODUCT_BUNDLE_IDENTIFIER = "com.lee.min.Social-Shopper";
				PRODUCT_NAME = "$(TARGET_NAME)";
				SWIFT_EMIT_LOC_STRINGS = YES;
				SWIFT_VERSION = 5.0;
				TARGETED_DEVICE_FAMILY = "1,2";
			};
			name = Release;
		};
		28E071582D9C81C8002F99B5 /* Debug */ = {
			isa = XCBuildConfiguration;
			buildSettings = {
				BUNDLE_LOADER = "$(TEST_HOST)";
				CODE_SIGN_STYLE = Automatic;
				CURRENT_PROJECT_VERSION = 1;
				GENERATE_INFOPLIST_FILE = YES;
				IPHONEOS_DEPLOYMENT_TARGET = 18.4;
				MARKETING_VERSION = 1.0;
				PRODUCT_BUNDLE_IDENTIFIER = "com.lee.min.Social-ShopperTests";
				PRODUCT_NAME = "$(TARGET_NAME)";
				SWIFT_EMIT_LOC_STRINGS = NO;
				SWIFT_VERSION = 5.0;
				TARGETED_DEVICE_FAMILY = "1,2";
				TEST_HOST = "$(BUILT_PRODUCTS_DIR)/Social Shopper.app/$(BUNDLE_EXECUTABLE_FOLDER_PATH)/Social Shopper";
			};
			name = Debug;
		};
		28E071592D9C81C8002F99B5 /* Release */ = {
			isa = XCBuildConfiguration;
			buildSettings = {
				BUNDLE_LOADER = "$(TEST_HOST)";
				CODE_SIGN_STYLE = Automatic;
				CURRENT_PROJECT_VERSION = 1;
				GENERATE_INFOPLIST_FILE = YES;
				IPHONEOS_DEPLOYMENT_TARGET = 18.4;
				MARKETING_VERSION = 1.0;
				PRODUCT_BUNDLE_IDENTIFIER = "com.lee.min.Social-ShopperTests";
				PRODUCT_NAME = "$(TARGET_NAME)";
				SWIFT_EMIT_LOC_STRINGS = NO;
				SWIFT_VERSION = 5.0;
				TARGETED_DEVICE_FAMILY = "1,2";
				TEST_HOST = "$(BUILT_PRODUCTS_DIR)/Social Shopper.app/$(BUNDLE_EXECUTABLE_FOLDER_PATH)/Social Shopper";
			};
			name = Release;
		};
		28E0715B2D9C81C8002F99B5 /* Debug */ = {
			isa = XCBuildConfiguration;
			buildSettings = {
				CODE_SIGN_STYLE = Automatic;
				CURRENT_PROJECT_VERSION = 1;
				GENERATE_INFOPLIST_FILE = YES;
				MARKETING_VERSION = 1.0;
				PRODUCT_BUNDLE_IDENTIFIER = "com.lee.min.Social-ShopperUITests";
				PRODUCT_NAME = "$(TARGET_NAME)";
				SWIFT_EMIT_LOC_STRINGS = NO;
				SWIFT_VERSION = 5.0;
				TARGETED_DEVICE_FAMILY = "1,2";
				TEST_TARGET_NAME = "Social Shopper";
			};
			name = Debug;
		};
		28E0715C2D9C81C8002F99B5 /* Release */ = {
			isa = XCBuildConfiguration;
			buildSettings = {
				CODE_SIGN_STYLE = Automatic;
				CURRENT_PROJECT_VERSION = 1;
				GENERATE_INFOPLIST_FILE = YES;
				MARKETING_VERSION = 1.0;
				PRODUCT_BUNDLE_IDENTIFIER = "com.lee.min.Social-ShopperUITests";
				PRODUCT_NAME = "$(TARGET_NAME)";
				SWIFT_EMIT_LOC_STRINGS = NO;
				SWIFT_VERSION = 5.0;
				TARGETED_DEVICE_FAMILY = "1,2";
				TEST_TARGET_NAME = "Social Shopper";
			};
			name = Release;
		};
/* End XCBuildConfiguration section */

/* Begin XCConfigurationList section */
		28E0712E2D9C81C7002F99B5 /* Build configuration list for PBXProject "Social Shopper" */ = {
			isa = XCConfigurationList;
			buildConfigurations = (
				28E071522D9C81C8002F99B5 /* Debug */,
				28E071532D9C81C8002F99B5 /* Release */,
			);
			defaultConfigurationIsVisible = 0;
			defaultConfigurationName = Release;
		};
		28E071542D9C81C8002F99B5 /* Build configuration list for PBXNativeTarget "Social Shopper" */ = {
			isa = XCConfigurationList;
			buildConfigurations = (
				28E071552D9C81C8002F99B5 /* Debug */,
				28E071562D9C81C8002F99B5 /* Release */,
			);
			defaultConfigurationIsVisible = 0;
			defaultConfigurationName = Release;
		};
		28E071572D9C81C8002F99B5 /* Build configuration list for PBXNativeTarget "Social ShopperTests" */ = {
			isa = XCConfigurationList;
			buildConfigurations = (
				28E071582D9C81C8002F99B5 /* Debug */,
				28E071592D9C81C8002F99B5 /* Release */,
			);
			defaultConfigurationIsVisible = 0;
			defaultConfigurationName = Release;
		};
		28E0715A2D9C81C8002F99B5 /* Build configuration list for PBXNativeTarget "Social ShopperUITests" */ = {
			isa = XCConfigurationList;
			buildConfigurations = (
				28E0715B2D9C81C8002F99B5 /* Debug */,
				28E0715C2D9C81C8002F99B5 /* Release */,
			);
			defaultConfigurationIsVisible = 0;
			defaultConfigurationName = Release;
		};
/* End XCConfigurationList section */

/* Begin XCRemoteSwiftPackageReference section */
		28E0715F2D9C8484002F99B5 /* XCRemoteSwiftPackageReference "firebase-ios-sdk" */ = {
			isa = XCRemoteSwiftPackageReference;
			repositoryURL = "https://github.com/firebase/firebase-ios-sdk";
			requirement = {
				kind = upToNextMajorVersion;
				minimumVersion = 11.11.0;
			};
		};
		28E071972D9CA75C002F99B5 /* XCRemoteSwiftPackageReference "swiftui-cached-async-image" */ = {
			isa = XCRemoteSwiftPackageReference;
			repositoryURL = "https://github.com/lorenzofiamingo/swiftui-cached-async-image";
			requirement = {
				kind = upToNextMajorVersion;
				minimumVersion = 2.1.1;
			};
		};
/* End XCRemoteSwiftPackageReference section */

/* Begin XCSwiftPackageProductDependency section */
		281E43382D9DB0C800FCCECB /* FirebaseAuth */ = {
			isa = XCSwiftPackageProductDependency;
			package = 28E0715F2D9C8484002F99B5 /* XCRemoteSwiftPackageReference "firebase-ios-sdk" */;
			productName = FirebaseAuth;
		};
		28E071602D9C8484002F99B5 /* FirebaseAnalytics */ = {
			isa = XCSwiftPackageProductDependency;
			package = 28E0715F2D9C8484002F99B5 /* XCRemoteSwiftPackageReference "firebase-ios-sdk" */;
			productName = FirebaseAnalytics;
		};
		28E071622D9C8484002F99B5 /* FirebaseCore */ = {
			isa = XCSwiftPackageProductDependency;
			package = 28E0715F2D9C8484002F99B5 /* XCRemoteSwiftPackageReference "firebase-ios-sdk" */;
			productName = FirebaseCore;
		};
		28E071642D9C8484002F99B5 /* FirebaseFirestore */ = {
			isa = XCSwiftPackageProductDependency;
			package = 28E0715F2D9C8484002F99B5 /* XCRemoteSwiftPackageReference "firebase-ios-sdk" */;
			productName = FirebaseFirestore;
		};
		28E071662D9C8484002F99B5 /* FirebaseMessaging */ = {
			isa = XCSwiftPackageProductDependency;
			package = 28E0715F2D9C8484002F99B5 /* XCRemoteSwiftPackageReference "firebase-ios-sdk" */;
			productName = FirebaseMessaging;
		};
		28E071682D9C8484002F99B5 /* FirebaseStorage */ = {
			isa = XCSwiftPackageProductDependency;
			package = 28E0715F2D9C8484002F99B5 /* XCRemoteSwiftPackageReference "firebase-ios-sdk" */;
			productName = FirebaseStorage;
		};
		28E071982D9CA75C002F99B5 /* CachedAsyncImage */ = {
			isa = XCSwiftPackageProductDependency;
			package = 28E071972D9CA75C002F99B5 /* XCRemoteSwiftPackageReference "swiftui-cached-async-image" */;
			productName = CachedAsyncImage;
		};
/* End XCSwiftPackageProductDependency section */
	};
	rootObject = 28E0712B2D9C81C7002F99B5 /* Project object */;
}
